{
  "version": 2,
  "dependencies": {
    "net10.0": {
      "PublicApiGenerator": {
        "type": "Direct",
        "requested": "[11.5.4, )",
        "resolved": "11.5.4",
        "contentHash": "Va382WG4Vng8kCtDaAP5solqbhayMMlW1E+e/DV/w39yJPybmMgy8fbdUvvQgG93EMILx7JtJbGS1HRhVNTUVQ==",
        "dependencies": {
          "Mono.Cecil": "0.11.6",
          "System.CodeDom": "6.0.0"
        }
      },
      "TUnit": {
        "type": "Direct",
        "requested": "[1.69.16, )",
        "resolved": "1.69.16",
        "contentHash": "FsIHioDaKPwCAfjWMMmofr1NoZcR/Jihw/Z+IXaTogmRoQ+YM4iaDUg2infHuO1KpEbAFC2rjuvpgzx+B9Vk6Q==",
        "dependencies": {
          "Microsoft.Testing.Extensions.CodeCoverage": "18.11.2",
          "Microsoft.Testing.Extensions.Telemetry": "2.4.1",
          "Microsoft.Testing.Extensions.TrxReport": "2.4.1",
          "TUnit.Assertions": "1.69.16",
          "TUnit.Engine": "1.69.16"
        }
      },
      "Verify.TUnit": {
        "type": "Direct",
        "requested": "[33.1.4, )",
        "resolved": "33.1.4",
        "contentHash": "WgAmkDjfRiCJI1M6P2LpxnVMB0xylD8xWhkhJCoBEtV9GFIixGu7sjePmlvY3v9vxJmh7p34U5z/nl+Zt80azQ==",
        "dependencies": {
          "Argon": "0.37.0",
          "DiffEngine": "20.5.1",
          "SimpleInfoName": "3.2.0",
          "TUnit.Core": "1.69.0",
          "Verify": "33.1.4"
        }
      },
      "Argon": {
        "type": "Transitive",
        "resolved": "0.37.0",
        "contentHash": "fJpWfnU8MurN+5tTyINxFTn83Twh1iOVLb99VyG/59qcQQm2kGC2hvntyHP6ZmVJ6afm6VCz4EcuTYSR/WpCdQ=="
      },
      "DiffEngine": {
        "type": "Transitive",
        "resolved": "20.5.1",
        "contentHash": "0P1YWymI2g5XB0f5pEv+PmNhWjHDY170yBhCU3qC7+sU36ZnvlU6rx5YP7YAImHkTuPMtTi0X8vF6UAjf0wH1g==",
        "dependencies": {
          "EmptyFiles": "8.19.0"
        }
      },
      "EmptyFiles": {
        "type": "Transitive",
        "resolved": "8.19.0",
        "contentHash": "ZQrJZYWh2VG0PXpyorNHmjmlt/cJTEcPxna0H2rYK9BHh4cI0wAM7IGwdYxihBVSPrh/ISHEeP+ZqfSdduQ9Sw=="
      },
      "Microsoft.ApplicationInsights": {
        "type": "Transitive",
        "resolved": "2.23.0",
        "contentHash": "nWArUZTdU7iqZLycLKWe0TDms48KKGE6pONH2terYNa8REXiqixrMOkf1sk5DHGMaUTqONU2YkS4SAXBhLStgw=="
      },
      "Microsoft.DiaSymReader": {
        "type": "Transitive",
        "resolved": "2.2.10",
        "contentHash": "zmGsm6b2y3STDa/Of7rdkkfTDV8VuGB8aCqIkLoJIQh5tL78K3zJ8OUyFKnfsaORXmGr9iOKwDkZfUjeXi+CwA=="
      },
      "Microsoft.Extensions.DependencyModel": {
        "type": "Transitive",
        "resolved": "10.0.10",
        "contentHash": "rfZA1RjR021RPqSmIPovfz2aOd79TGqJ9BengbjnzIISOVwjLmuSDnhCMmiY/1c6iYvGolQ1iNGzkav0u11XEA=="
      },
      "Microsoft.Testing.Extensions.CodeCoverage": {
        "type": "Transitive",
        "resolved": "18.11.2",
        "contentHash": "bT6awBEUR+fjPpeLAN++4qx5q0sgA9SeJt6QfijnFFPxNSr68BYsYFMQH8L8kY6vMJd3fuvFAFBht4JtWQcWtQ==",
        "dependencies": {
          "Microsoft.DiaSymReader": "2.2.10",
          "Microsoft.Extensions.DependencyModel": "10.0.10",
          "Microsoft.Testing.Platform": "2.4.0"
        }
      },
      "Microsoft.Testing.Extensions.Telemetry": {
        "type": "Transitive",
        "resolved": "2.4.1",
        "contentHash": "C+bq5ydHrBNCDXjvFtRa1/JcAS2Wq2dpXOnzy/TFYC8qb1dDEgB1XhQayBaYE/5BKviikByHb7mth8P+qJaOJw==",
        "dependencies": {
          "Microsoft.ApplicationInsights": "2.23.0",
          "Microsoft.Testing.Platform": "[2.4.1, 3.0.0)"
        }
      },
      "Microsoft.Testing.Extensions.TrxReport": {
        "type": "Transitive",
        "resolved": "2.4.1",
        "contentHash": "KGAvJKRqhod45ecH4L1cCKIjGrzziUcLo3L4hRlfOg/Ww2Q7MnA30qHY2rnKzGyLVWf91tc2VleGe8c33FmPaQ==",
        "dependencies": {
          "Microsoft.Testing.Extensions.TrxReport.Abstractions": "2.4.1",
          "Microsoft.Testing.Platform": "[2.4.1, 3.0.0)"
        }
      },
      "Microsoft.Testing.Extensions.TrxReport.Abstractions": {
        "type": "Transitive",
        "resolved": "2.4.1",
        "contentHash": "tDxLLic2IfeChbyo8oeGZj/eBdFpPe3Dp80hUoIOefSCqqMHbsob+lX1TfFWV75PJCPouxj2zz0zzPHZxiM4nQ==",
        "dependencies": {
          "Microsoft.Testing.Platform": "[2.4.1, 3.0.0)"
        }
      },
      "Microsoft.Testing.Platform": {
        "type": "Transitive",
        "resolved": "2.4.1",
        "contentHash": "3nW9NyhN1BnHRF994DCOOUQCqVA9pDT+gPpbuhI/xUntZnGnXO4ySovKxFlFuoT/48pnI74LK/DeKVlve1L3VQ=="
      },
      "Microsoft.Testing.Platform.MSBuild": {
        "type": "Transitive",
        "resolved": "2.4.1",
        "contentHash": "K4W2hAATe9wA1xt4oEZWmUsnQqnLD5H18NXKsm81xclf9PI4AHieb3DxJpE/2uA6Xl9DtjpLXif7/9Sn8Y2y7w==",
        "dependencies": {
          "Microsoft.Testing.Platform": "[2.4.1, 3.0.0)"
        }
      },
      "Mono.Cecil": {
        "type": "Transitive",
        "resolved": "0.11.6",
        "contentHash": "f33RkDtZO8VlGXCtmQIviOtxgnUdym9xx/b1p9h91CRGOsJFxCFOFK1FDbVt1OCf1aWwYejUFa2MOQyFWTFjbA=="
      },
      "SimpleInfoName": {
        "type": "Transitive",
        "resolved": "3.2.0",
        "contentHash": "K8ivHRbPWfncijk62Dan/r/z55gwq3aFzqB6yFlD9X0bbpIaacHyHH2cpcIdz0FECUpERUZTwxts0z4gRWpQpA=="
      },
      "System.CodeDom": {
        "type": "Transitive",
        "resolved": "6.0.0",
        "contentHash": "CPc6tWO1LAer3IzfZufDBRL+UZQcj5uS207NHALQzP84Vp/z6wF0Aa0YZImOQY8iStY0A2zI/e3ihKNPfUm8XA=="
      },
      "TUnit.Engine": {
        "type": "Transitive",
        "resolved": "1.69.16",
        "contentHash": "4SXTLAFJXdzZK1LwHdBvWlo+xJwiMSaCXP7QsIaSK58HKWDFuGXxzHeBARLavZV7UmrjCsbdtxn42ddH3TApVQ==",
        "dependencies": {
          "Microsoft.Testing.Extensions.TrxReport.Abstractions": "2.4.1",
          "Microsoft.Testing.Platform": "2.4.1",
          "Microsoft.Testing.Platform.MSBuild": "2.4.1",
          "TUnit.Core": "1.69.16"
        }
      },
      "Verify": {
        "type": "Transitive",
        "resolved": "33.1.4",
        "contentHash": "Vs7lK1KyRlf4awNXXnTUIZT2CJ5uF6I35uoxZVfQ5kKUBwnE0XXFvY9lGzlfVZzk+/ekZ0A3B1h8lhaZfWG5FA==",
        "dependencies": {
          "Argon": "0.37.0",
          "DiffEngine": "20.5.1",
          "SimpleInfoName": "3.2.0"
        }
      },
      "statealchemist": {
        "type": "Project"
      },
      "statealchemist.model": {
        "type": "Project"
      },
      "TUnit.Assertions": {
        "type": "CentralTransitive",
        "requested": "[1.69.16, )",
        "resolved": "1.69.16",
        "contentHash": "ZaReBU8NluB0/6NTgyR8he9VArAksA7DH79gy7fmE3eBSmVdOdsMiIWBTpn8By1O4q+0fTHeGflc8/LQY2+M+A=="
      },
      "TUnit.Core": {
        "type": "CentralTransitive",
        "requested": "[1.69.16, )",
        "resolved": "1.69.16",
        "contentHash": "QGQilMtDtoOMDocs1/ecnncUvzUbCIAQIfRb38GbJQBKlJy3GUVjN0rVfQ0Vfx9wfiLLv9tqjOwEuBUuOPBCsQ=="
      }
    },
    "net11.0": {
      "PublicApiGenerator": {
        "type": "Direct",
        "requested": "[11.5.4, )",
        "resolved": "11.5.4",
        "contentHash": "Va382WG4Vng8kCtDaAP5solqbhayMMlW1E+e/DV/w39yJPybmMgy8fbdUvvQgG93EMILx7JtJbGS1HRhVNTUVQ==",
        "dependencies": {
          "Mono.Cecil": "0.11.6",
          "System.CodeDom": "6.0.0"
        }
      },
      "TUnit": {
        "type": "Direct",
        "requested": "[1.69.16, )",
        "resolved": "1.69.16",
        "contentHash": "FsIHioDaKPwCAfjWMMmofr1NoZcR/Jihw/Z+IXaTogmRoQ+YM4iaDUg2infHuO1KpEbAFC2rjuvpgzx+B9Vk6Q==",
        "dependencies": {
          "Microsoft.Testing.Extensions.CodeCoverage": "18.11.2",
          "Microsoft.Testing.Extensions.Telemetry": "2.4.1",
          "Microsoft.Testing.Extensions.TrxReport": "2.4.1",
          "TUnit.Assertions": "1.69.16",
          "TUnit.Engine": "1.69.16"
        }
      },
      "Verify.TUnit": {
        "type": "Direct",
        "requested": "[33.1.4, )",
        "resolved": "33.1.4",
        "contentHash": "WgAmkDjfRiCJI1M6P2LpxnVMB0xylD8xWhkhJCoBEtV9GFIixGu7sjePmlvY3v9vxJmh7p34U5z/nl+Zt80azQ==",
        "dependencies": {
          "Argon": "0.37.0",
          "DiffEngine": "20.5.1",
          "SimpleInfoName": "3.2.0",
          "TUnit.Core": "1.69.0",
          "Verify": "33.1.4"
        }
      },
      "Argon": {
        "type": "Transitive",
        "resolved": "0.37.0",
        "contentHash": "fJpWfnU8MurN+5tTyINxFTn83Twh1iOVLb99VyG/59qcQQm2kGC2hvntyHP6ZmVJ6afm6VCz4EcuTYSR/WpCdQ=="
      },
      "DiffEngine": {
        "type": "Transitive",
        "resolved": "20.5.1",
        "contentHash": "0P1YWymI2g5XB0f5pEv+PmNhWjHDY170yBhCU3qC7+sU36ZnvlU6rx5YP7YAImHkTuPMtTi0X8vF6UAjf0wH1g==",
        "dependencies": {
          "EmptyFiles": "8.19.0"
        }
      },
      "EmptyFiles": {
        "type": "Transitive",
        "resolved": "8.19.0",
        "contentHash": "ZQrJZYWh2VG0PXpyorNHmjmlt/cJTEcPxna0H2rYK9BHh4cI0wAM7IGwdYxihBVSPrh/ISHEeP+ZqfSdduQ9Sw=="
      },
      "Microsoft.ApplicationInsights": {
        "type": "Transitive",
        "resolved": "2.23.0",
        "contentHash": "nWArUZTdU7iqZLycLKWe0TDms48KKGE6pONH2terYNa8REXiqixrMOkf1sk5DHGMaUTqONU2YkS4SAXBhLStgw=="
      },
      "Microsoft.DiaSymReader": {
        "type": "Transitive",
        "resolved": "2.2.10",
        "contentHash": "zmGsm6b2y3STDa/Of7rdkkfTDV8VuGB8aCqIkLoJIQh5tL78K3zJ8OUyFKnfsaORXmGr9iOKwDkZfUjeXi+CwA=="
      },
      "Microsoft.Extensions.DependencyModel": {
        "type": "Transitive",
        "resolved": "10.0.10",
        "contentHash": "rfZA1RjR021RPqSmIPovfz2aOd79TGqJ9BengbjnzIISOVwjLmuSDnhCMmiY/1c6iYvGolQ1iNGzkav0u11XEA=="
      },
      "Microsoft.Testing.Extensions.CodeCoverage": {
        "type": "Transitive",
        "resolved": "18.11.2",
        "contentHash": "bT6awBEUR+fjPpeLAN++4qx5q0sgA9SeJt6QfijnFFPxNSr68BYsYFMQH8L8kY6vMJd3fuvFAFBht4JtWQcWtQ==",
        "dependencies": {
          "Microsoft.DiaSymReader": "2.2.10",
          "Microsoft.Extensions.DependencyModel": "10.0.10",
          "Microsoft.Testing.Platform": "2.4.0"
        }
      },
      "Microsoft.Testing.Extensions.Telemetry": {
        "type": "Transitive",
        "resolved": "2.4.1",
        "contentHash": "C+bq5ydHrBNCDXjvFtRa1/JcAS2Wq2dpXOnzy/TFYC8qb1dDEgB1XhQayBaYE/5BKviikByHb7mth8P+qJaOJw==",
        "dependencies": {
          "Microsoft.ApplicationInsights": "2.23.0",
          "Microsoft.Testing.Platform": "[2.4.1, 3.0.0)"
        }
      },
      "Microsoft.Testing.Extensions.TrxReport": {
        "type": "Transitive",
        "resolved": "2.4.1",
        "contentHash": "KGAvJKRqhod45ecH4L1cCKIjGrzziUcLo3L4hRlfOg/Ww2Q7MnA30qHY2rnKzGyLVWf91tc2VleGe8c33FmPaQ==",
        "dependencies": {
          "Microsoft.Testing.Extensions.TrxReport.Abstractions": "2.4.1",
          "Microsoft.Testing.Platform": "[2.4.1, 3.0.0)"
        }
      },
      "Microsoft.Testing.Extensions.TrxReport.Abstractions": {
        "type": "Transitive",
        "resolved": "2.4.1",
        "contentHash": "tDxLLic2IfeChbyo8oeGZj/eBdFpPe3Dp80hUoIOefSCqqMHbsob+lX1TfFWV75PJCPouxj2zz0zzPHZxiM4nQ==",
        "dependencies": {
          "Microsoft.Testing.Platform": "[2.4.1, 3.0.0)"
        }
      },
      "Microsoft.Testing.Platform": {
        "type": "Transitive",
        "resolved": "2.4.1",
        "contentHash": "3nW9NyhN1BnHRF994DCOOUQCqVA9pDT+gPpbuhI/xUntZnGnXO4ySovKxFlFuoT/48pnI74LK/DeKVlve1L3VQ=="
      },
      "Microsoft.Testing.Platform.MSBuild": {
        "type": "Transitive",
        "resolved": "2.4.1",
        "contentHash": "K4W2hAATe9wA1xt4oEZWmUsnQqnLD5H18NXKsm81xclf9PI4AHieb3DxJpE/2uA6Xl9DtjpLXif7/9Sn8Y2y7w==",
        "dependencies": {
          "Microsoft.Testing.Platform": "[2.4.1, 3.0.0)"
        }
      },
      "Mono.Cecil": {
        "type": "Transitive",
        "resolved": "0.11.6",
        "contentHash": "f33RkDtZO8VlGXCtmQIviOtxgnUdym9xx/b1p9h91CRGOsJFxCFOFK1FDbVt1OCf1aWwYejUFa2MOQyFWTFjbA=="
      },
      "SimpleInfoName": {
        "type": "Transitive",
        "resolved": "3.2.0",
        "contentHash": "K8ivHRbPWfncijk62Dan/r/z55gwq3aFzqB6yFlD9X0bbpIaacHyHH2cpcIdz0FECUpERUZTwxts0z4gRWpQpA=="
      },
      "System.CodeDom": {
        "type": "Transitive",
        "resolved": "6.0.0",
        "contentHash": "CPc6tWO1LAer3IzfZufDBRL+UZQcj5uS207NHALQzP84Vp/z6wF0Aa0YZImOQY8iStY0A2zI/e3ihKNPfUm8XA=="
      },
      "TUnit.Engine": {
        "type": "Transitive",
        "resolved": "1.69.16",
        "contentHash": "4SXTLAFJXdzZK1LwHdBvWlo+xJwiMSaCXP7QsIaSK58HKWDFuGXxzHeBARLavZV7UmrjCsbdtxn42ddH3TApVQ==",
        "dependencies": {
          "Microsoft.Testing.Extensions.TrxReport.Abstractions": "2.4.1",
          "Microsoft.Testing.Platform": "2.4.1",
          "Microsoft.Testing.Platform.MSBuild": "2.4.1",
          "TUnit.Core": "1.69.16"
        }
      },
      "Verify": {
        "type": "Transitive",
        "resolved": "33.1.4",
        "contentHash": "Vs7lK1KyRlf4awNXXnTUIZT2CJ5uF6I35uoxZVfQ5kKUBwnE0XXFvY9lGzlfVZzk+/ekZ0A3B1h8lhaZfWG5FA==",
        "dependencies": {
          "Argon": "0.37.0",
          "DiffEngine": "20.5.1",
          "SimpleInfoName": "3.2.0"
        }
      },
      "statealchemist": {
        "type": "Project"
      },
      "statealchemist.model": {
        "type": "Project"
      },
      "TUnit.Assertions": {
        "type": "CentralTransitive",
        "requested": "[1.69.16, )",
        "resolved": "1.69.16",
        "contentHash": "ZaReBU8NluB0/6NTgyR8he9VArAksA7DH79gy7fmE3eBSmVdOdsMiIWBTpn8By1O4q+0fTHeGflc8/LQY2+M+A=="
      },
      "TUnit.Core": {
        "type": "CentralTransitive",
        "requested": "[1.69.16, )",
        "resolved": "1.69.16",
        "contentHash": "QGQilMtDtoOMDocs1/ecnncUvzUbCIAQIfRb38GbJQBKlJy3GUVjN0rVfQ0Vfx9wfiLLv9tqjOwEuBUuOPBCsQ=="
      }
    },
    "net8.0": {
      "PublicApiGenerator": {
        "type": "Direct",
        "requested": "[11.5.4, )",
        "resolved": "11.5.4",
        "contentHash": "Va382WG4Vng8kCtDaAP5solqbhayMMlW1E+e/DV/w39yJPybmMgy8fbdUvvQgG93EMILx7JtJbGS1HRhVNTUVQ==",
        "dependencies": {
          "Mono.Cecil": "0.11.6",
          "System.CodeDom": "6.0.0"
        }
      },
      "TUnit": {
        "type": "Direct",
        "requested": "[1.69.16, )",
        "resolved": "1.69.16",
        "contentHash": "FsIHioDaKPwCAfjWMMmofr1NoZcR/Jihw/Z+IXaTogmRoQ+YM4iaDUg2infHuO1KpEbAFC2rjuvpgzx+B9Vk6Q==",
        "dependencies": {
          "Microsoft.Testing.Extensions.CodeCoverage": "18.11.2",
          "Microsoft.Testing.Extensions.Telemetry": "2.4.1",
          "Microsoft.Testing.Extensions.TrxReport": "2.4.1",
          "TUnit.Assertions": "1.69.16",
          "TUnit.Engine": "1.69.16"
        }
      },
      "Verify.TUnit": {
        "type": "Direct",
        "requested": "[33.1.4, )",
        "resolved": "33.1.4",
        "contentHash": "WgAmkDjfRiCJI1M6P2LpxnVMB0xylD8xWhkhJCoBEtV9GFIixGu7sjePmlvY3v9vxJmh7p34U5z/nl+Zt80azQ==",
        "dependencies": {
          "Argon": "0.37.0",
          "DiffEngine": "20.5.1",
          "SimpleInfoName": "3.2.0",
          "TUnit.Core": "1.69.0",
          "Verify": "33.1.4"
        }
      },
      "Argon": {
        "type": "Transitive",
        "resolved": "0.37.0",
        "contentHash": "fJpWfnU8MurN+5tTyINxFTn83Twh1iOVLb99VyG/59qcQQm2kGC2hvntyHP6ZmVJ6afm6VCz4EcuTYSR/WpCdQ=="
      },
      "DiffEngine": {
        "type": "Transitive",
        "resolved": "20.5.1",
        "contentHash": "0P1YWymI2g5XB0f5pEv+PmNhWjHDY170yBhCU3qC7+sU36ZnvlU6rx5YP7YAImHkTuPMtTi0X8vF6UAjf0wH1g==",
        "dependencies": {
          "EmptyFiles": "8.19.0"
        }
      },
      "EmptyFiles": {
        "type": "Transitive",
        "resolved": "8.19.0",
        "contentHash": "ZQrJZYWh2VG0PXpyorNHmjmlt/cJTEcPxna0H2rYK9BHh4cI0wAM7IGwdYxihBVSPrh/ISHEeP+ZqfSdduQ9Sw=="
      },
      "Microsoft.ApplicationInsights": {
        "type": "Transitive",
        "resolved": "2.23.0",
        "contentHash": "nWArUZTdU7iqZLycLKWe0TDms48KKGE6pONH2terYNa8REXiqixrMOkf1sk5DHGMaUTqONU2YkS4SAXBhLStgw=="
      },
      "Microsoft.DiaSymReader": {
        "type": "Transitive",
        "resolved": "2.2.10",
        "contentHash": "zmGsm6b2y3STDa/Of7rdkkfTDV8VuGB8aCqIkLoJIQh5tL78K3zJ8OUyFKnfsaORXmGr9iOKwDkZfUjeXi+CwA=="
      },
      "Microsoft.Extensions.DependencyModel": {
        "type": "Transitive",
        "resolved": "10.0.10",
        "contentHash": "rfZA1RjR021RPqSmIPovfz2aOd79TGqJ9BengbjnzIISOVwjLmuSDnhCMmiY/1c6iYvGolQ1iNGzkav0u11XEA==",
        "dependencies": {
          "System.Text.Encodings.Web": "10.0.10",
          "System.Text.Json": "10.0.10"
        }
      },
      "Microsoft.Testing.Extensions.CodeCoverage": {
        "type": "Transitive",
        "resolved": "18.11.2",
        "contentHash": "bT6awBEUR+fjPpeLAN++4qx5q0sgA9SeJt6QfijnFFPxNSr68BYsYFMQH8L8kY6vMJd3fuvFAFBht4JtWQcWtQ==",
        "dependencies": {
          "Microsoft.DiaSymReader": "2.2.10",
          "Microsoft.Extensions.DependencyModel": "10.0.10",
          "Microsoft.Testing.Platform": "2.4.0",
          "System.IO.Pipelines": "10.0.10",
          "System.Text.Encodings.Web": "10.0.10",
          "System.Text.Json": "10.0.10"
        }
      },
      "Microsoft.Testing.Extensions.Telemetry": {
        "type": "Transitive",
        "resolved": "2.4.1",
        "contentHash": "C+bq5ydHrBNCDXjvFtRa1/JcAS2Wq2dpXOnzy/TFYC8qb1dDEgB1XhQayBaYE/5BKviikByHb7mth8P+qJaOJw==",
        "dependencies": {
          "Microsoft.ApplicationInsights": "2.23.0",
          "Microsoft.Testing.Platform": "[2.4.1, 3.0.0)"
        }
      },
      "Microsoft.Testing.Extensions.TrxReport": {
        "type": "Transitive",
        "resolved": "2.4.1",
        "contentHash": "KGAvJKRqhod45ecH4L1cCKIjGrzziUcLo3L4hRlfOg/Ww2Q7MnA30qHY2rnKzGyLVWf91tc2VleGe8c33FmPaQ==",
        "dependencies": {
          "Microsoft.Testing.Extensions.TrxReport.Abstractions": "2.4.1",
          "Microsoft.Testing.Platform": "[2.4.1, 3.0.0)"
        }
      },
      "Microsoft.Testing.Extensions.TrxReport.Abstractions": {
        "type": "Transitive",
        "resolved": "2.4.1",
        "contentHash": "tDxLLic2IfeChbyo8oeGZj/eBdFpPe3Dp80hUoIOefSCqqMHbsob+lX1TfFWV75PJCPouxj2zz0zzPHZxiM4nQ==",
        "dependencies": {
          "Microsoft.Testing.Platform": "[2.4.1, 3.0.0)"
        }
      },
      "Microsoft.Testing.Platform": {
        "type": "Transitive",
        "resolved": "2.4.1",
        "contentHash": "3nW9NyhN1BnHRF994DCOOUQCqVA9pDT+gPpbuhI/xUntZnGnXO4ySovKxFlFuoT/48pnI74LK/DeKVlve1L3VQ=="
      },
      "Microsoft.Testing.Platform.MSBuild": {
        "type": "Transitive",
        "resolved": "2.4.1",
        "contentHash": "K4W2hAATe9wA1xt4oEZWmUsnQqnLD5H18NXKsm81xclf9PI4AHieb3DxJpE/2uA6Xl9DtjpLXif7/9Sn8Y2y7w==",
        "dependencies": {
          "Microsoft.Testing.Platform": "[2.4.1, 3.0.0)"
        }
      },
      "Mono.Cecil": {
        "type": "Transitive",
        "resolved": "0.11.6",
        "contentHash": "f33RkDtZO8VlGXCtmQIviOtxgnUdym9xx/b1p9h91CRGOsJFxCFOFK1FDbVt1OCf1aWwYejUFa2MOQyFWTFjbA=="
      },
      "SimpleInfoName": {
        "type": "Transitive",
        "resolved": "3.2.0",
        "contentHash": "K8ivHRbPWfncijk62Dan/r/z55gwq3aFzqB6yFlD9X0bbpIaacHyHH2cpcIdz0FECUpERUZTwxts0z4gRWpQpA=="
      },
      "System.CodeDom": {
        "type": "Transitive",
        "resolved": "6.0.0",
        "contentHash": "CPc6tWO1LAer3IzfZufDBRL+UZQcj5uS207NHALQzP84Vp/z6wF0Aa0YZImOQY8iStY0A2zI/e3ihKNPfUm8XA=="
      },
      "System.Text.Encodings.Web": {
        "type": "Transitive",
        "resolved": "10.0.10",
        "contentHash": "o16m2YpDN/pjHsnxf9pTGwkpcuvjW8v1/wGUwJtM1c3QZUKm7ZEO/eYRJg7iIx6GxS2Zv9lAMHpiQwHDdgqauA=="
      },
      "System.Text.Json": {
        "type": "Transitive",
        "resolved": "10.0.10",
        "contentHash": "bmsO6UdYtBdtn32zYXfsh7KlyTIzV/3V9hdT9RIb4pXKgYOsNxXR+VbWigNwBtNFVGYGm6Hwmqw5a+/IWFd36Q==",
        "dependencies": {
          "System.IO.Pipelines": "10.0.10",
          "System.Text.Encodings.Web": "10.0.10"
        }
      },
      "System.Threading.Channels": {
        "type": "Transitive",
        "resolved": "9.0.0",
        "contentHash": "hzACdIf1C+4Dqos5ijV404b94+LqfIC8nfS3mNpCDFWowb1N3PNfJPopneq32ahWlDeyaPZJqjBk76YFR69Rpg=="
      },
      "TUnit.Engine": {
        "type": "Transitive",
        "resolved": "1.69.16",
        "contentHash": "4SXTLAFJXdzZK1LwHdBvWlo+xJwiMSaCXP7QsIaSK58HKWDFuGXxzHeBARLavZV7UmrjCsbdtxn42ddH3TApVQ==",
        "dependencies": {
          "Microsoft.Testing.Extensions.TrxReport.Abstractions": "2.4.1",
          "Microsoft.Testing.Platform": "2.4.1",
          "Microsoft.Testing.Platform.MSBuild": "2.4.1",
          "System.Threading.Channels": "9.0.0",
          "TUnit.Core": "1.69.16"
        }
      },
      "Verify": {
        "type": "Transitive",
        "resolved": "33.1.4",
        "contentHash": "Vs7lK1KyRlf4awNXXnTUIZT2CJ5uF6I35uoxZVfQ5kKUBwnE0XXFvY9lGzlfVZzk+/ekZ0A3B1h8lhaZfWG5FA==",
        "dependencies": {
          "Argon": "0.37.0",
          "DiffEngine": "20.5.1",
          "SimpleInfoName": "3.2.0"
        }
      },
      "statealchemist": {
        "type": "Project"
      },
      "statealchemist.model": {
        "type": "Project"
      },
      "System.IO.Pipelines": {
        "type": "CentralTransitive",
        "requested": "[10.0.12, )",
        "resolved": "10.0.10",
        "contentHash": "7WX0W96y3dpQdYG4sEGdh38g3/0lOD4/dKbn2rRVOVzKhzoZUn2gKNIKaFeKWs8RCbpFfmmEWsRhSy95hMpvqA=="
      },
      "TUnit.Assertions": {
        "type": "CentralTransitive",
        "requested": "[1.69.16, )",
        "resolved": "1.69.16",
        "contentHash": "ZaReBU8NluB0/6NTgyR8he9VArAksA7DH79gy7fmE3eBSmVdOdsMiIWBTpn8By1O4q+0fTHeGflc8/LQY2+M+A=="
      },
      "TUnit.Core": {
        "type": "CentralTransitive",
        "requested": "[1.69.16, )",
        "resolved": "1.69.16",
        "contentHash": "QGQilMtDtoOMDocs1/ecnncUvzUbCIAQIfRb38GbJQBKlJy3GUVjN0rVfQ0Vfx9wfiLLv9tqjOwEuBUuOPBCsQ=="
      }
    }
  }
}