{
  "version": 2,
  "dependencies": {
    "net8.0": {
      "System.IO.Pipelines": {
        "type": "Direct",
        "requested": "[10.0.12, )",
        "resolved": "10.0.12",
        "contentHash": "5e8M112rzbW5xKNXKipNFoTgM330QS6S6+UA6CaDyr/KDrow8bzfvOPFA4S05QC3n/m096oj+pfttvme6I0YyA=="
      },
      "TUnit.Assertions": {
        "type": "Direct",
        "requested": "[1.68.17, )",
        "resolved": "1.68.17",
        "contentHash": "X8xfFf+sHSxHB6A7jYJy3wlsO59MvLfLmHUY2YzElli1CbHrKVDK3mAyU9lpl0TIyDKDtv/7rVk2X/Fh1+OYig=="
      },
      "TUnit.Core": {
        "type": "Direct",
        "requested": "[1.68.17, )",
        "resolved": "1.68.17",
        "contentHash": "czPzkAM2ig3yk/QTY+13vxNI5atPHjUOwpC2prUfQf5BYDWZuVXaR8sO3v6HPm3dQ38gTeBdFmqRKCoOdyRe8A=="
      },
      "statealchemist": {
        "type": "Project"
      },
      "statealchemist.samples": {
        "type": "Project",
        "dependencies": {
          "StateAlchemist": "[1.0.0, )",
          "System.IO.Pipelines": "[10.0.12, )"
        }
      }
    }
  }
}