{
  "version": 2,
  "dependencies": {
    "net11.0": {
      "System.IO.Pipelines": {
        "type": "Direct",
        "requested": "[10.0.12, )",
        "resolved": "10.0.12",
        "contentHash": "5e8M112rzbW5xKNXKipNFoTgM330QS6S6+UA6CaDyr/KDrow8bzfvOPFA4S05QC3n/m096oj+pfttvme6I0YyA=="
      },
      "statealchemist": {
        "type": "Project"
      }
    }
  }
}