{
  "version": 2,
  "dependencies": {
    "net11.0": {
      "Microsoft.DotNet.ILCompiler": {
        "type": "Direct",
        "requested": "[11.0.0-rc.1.26425.128, )",
        "resolved": "11.0.0-rc.1.26425.128",
        "contentHash": "q57ZvrTIRKI4s12hLMA3LN4Gh48CuiGMKGL0Pmz7YnGLIvkQVMX8T+DtI6VdqYaCnGTstiw1LdE2PRsd13WdNg=="
      },
      "Microsoft.NET.ILLink.Tasks": {
        "type": "Direct",
        "requested": "[11.0.0-rc.1.26425.128, )",
        "resolved": "11.0.0-rc.1.26425.128",
        "contentHash": "oMgihfjNcxZpR9B/O5Ke8Qmr8CJcpdzG4PnVYtA6Ja4g41NELxLRuiqqh5ys7w+ourEBNng2IIZnrlMJXfncmQ=="
      },
      "statealchemist": {
        "type": "Project"
      },
      "statealchemist.samples": {
        "type": "Project",
        "dependencies": {
          "StateAlchemist": "[1.0.0, )"
        }
      }
    },
    "net11.0/linux-x64": {
      "Microsoft.DotNet.ILCompiler": {
        "type": "Direct",
        "requested": "[11.0.0-rc.1.26425.128, )",
        "resolved": "11.0.0-rc.1.26425.128",
        "contentHash": "q57ZvrTIRKI4s12hLMA3LN4Gh48CuiGMKGL0Pmz7YnGLIvkQVMX8T+DtI6VdqYaCnGTstiw1LdE2PRsd13WdNg==",
        "dependencies": {
          "runtime.linux-x64.Microsoft.DotNet.ILCompiler": "11.0.0-rc.1.26425.128"
        }
      },
      "runtime.linux-x64.Microsoft.DotNet.ILCompiler": {
        "type": "Transitive",
        "resolved": "11.0.0-rc.1.26425.128",
        "contentHash": "/mqTFMUrzKDQe0o542yw7OhwqjZFqJliVrvcpatiSFrem6NVmjsna38tYSDVX4rhjKFEOtgbJLWoo8Itoj2S1Q=="
      }
    }
  }
}